
Microsoft Visual Studio Solution File, Format Version 12.00
Project("{FAE04EC0-301F-11D3-BF4B-00C04F79EFBC}") = "ProjetoTopLevel_1", "ProjetoTopLevel_1\ProjetoTopLevel_1.csproj", "{3760B471-32D9-4CA2-A9CF-3776843AE94F}"
EndProject
Global
	GlobalSection(SolutionConfigurationPlatforms) = preSolution
		Debug|Any CPU = Debug|Any CPU
		Release|Any CPU = Release|Any CPU
	EndGlobalSection
	GlobalSection(ProjectConfigurationPlatforms) = postSolution
		{3760B471-32D9-4CA2-A9CF-3776843AE94F}.Debug|Any CPU.ActiveCfg = Debug|Any CPU
		{3760B471-32D9-4CA2-A9CF-3776843AE94F}.Debug|Any CPU.Build.0 = Debug|Any CPU
		{3760B471-32D9-4CA2-A9CF-3776843AE94F}.Release|Any CPU.ActiveCfg = Release|Any CPU
		{3760B471-32D9-4CA2-A9CF-3776843AE94F}.Release|Any CPU.Build.0 = Release|Any CPU
	EndGlobalSection
EndGlobal
